
Microsoft Visual Studio Solution File, Format Version 12.00
# Visual Studio Version 16
VisualStudioVersion = 16.0.31702.278
MinimumVisualStudioVersion = 10.0.40219.1
Project("{9A19103F-16F7-4668-BE54-9A1E7A4F7556}") = "RealmModel", "RealmModel\RealmModel.csproj", "{FDC883B1-993E-49C4-A21D-929DD9679C57}"
EndProject
Project("{9A19103F-16F7-4668-BE54-9A1E7A4F7556}") = "RealmModelTests", "RealmModelTests\RealmModelTests.csproj", "{517F8D0A-A980-49D4-8B92-A0B47C0D2C87}"
EndProject
Project("{2150E333-8FDC-42A3-9474-1A3956D46DE8}") = "Solution Items", "Solution Items", "{541C37D9-6E30-4E24-9389-9DD1E94C8719}"
	ProjectSection(SolutionItems) = preProject
		.gitignore = .gitignore
		LICENSE = LICENSE
		pom.xml = pom.xml
		README.md = README.md
	EndProjectSection
EndProject
Project("{2150E333-8FDC-42A3-9474-1A3956D46DE8}") = "TeamSettings", "TeamSettings", "{718D2820-39C3-4C46-B879-68283D9A2386}"
	ProjectSection(SolutionItems) = preProject
		TeamSettings\Fred.properties = TeamSettings\Fred.properties
		TeamSettings\testing.properties = TeamSettings\testing.properties
	EndProjectSection
EndProject
Global
	GlobalSection(SolutionConfigurationPlatforms) = preSolution
		Debug|Any CPU = Debug|Any CPU
		Release|Any CPU = Release|Any CPU
	EndGlobalSection
	GlobalSection(ProjectConfigurationPlatforms) = postSolution
		{FDC883B1-993E-49C4-A21D-929DD9679C57}.Debug|Any CPU.ActiveCfg = Debug|Any CPU
		{FDC883B1-993E-49C4-A21D-929DD9679C57}.Debug|Any CPU.Build.0 = Debug|Any CPU
		{FDC883B1-993E-49C4-A21D-929DD9679C57}.Release|Any CPU.ActiveCfg = Release|Any CPU
		{FDC883B1-993E-49C4-A21D-929DD9679C57}.Release|Any CPU.Build.0 = Release|Any CPU
		{517F8D0A-A980-49D4-8B92-A0B47C0D2C87}.Debug|Any CPU.ActiveCfg = Debug|Any CPU
		{517F8D0A-A980-49D4-8B92-A0B47C0D2C87}.Debug|Any CPU.Build.0 = Debug|Any CPU
		{517F8D0A-A980-49D4-8B92-A0B47C0D2C87}.Release|Any CPU.ActiveCfg = Release|Any CPU
		{517F8D0A-A980-49D4-8B92-A0B47C0D2C87}.Release|Any CPU.Build.0 = Release|Any CPU
	EndGlobalSection
	GlobalSection(SolutionProperties) = preSolution
		HideSolutionNode = FALSE
	EndGlobalSection
	GlobalSection(ExtensibilityGlobals) = postSolution
		SolutionGuid = {379C4F5E-6963-4185-AEF6-54105657F231}
	EndGlobalSection
EndGlobal
